
Microsoft Visual Studio Solution File, Format Version 12.00
# Visual Studio 15
Project("{FAE04EC0-301F-11D3-BF4B-00C04F79EFBC}") = "Oculus.Interaction.Editor", "Oculus.Interaction.Editor.csproj", "{F381C700-6959-AA88-76DA-30BFAA3EE32E}"
EndProject
Project("{FAE04EC0-301F-11D3-BF4B-00C04F79EFBC}") = "Meta.WitAi.Conduit", "Meta.WitAi.Conduit.csproj", "{719CE5D2-2EB3-907F-F567-55B1F4A9AB17}"
EndProject
Project("{FAE04EC0-301F-11D3-BF4B-00C04F79EFBC}") = "Oculus.VR", "Oculus.VR.csproj", "{F4EB68AA-5F2D-EDBD-37CD-B98725BAFC14}"
EndProject
Project("{FAE04EC0-301F-11D3-BF4B-00C04F79EFBC}") = "Oculus.Interaction", "Oculus.Interaction.csproj", "{DCABF332-1EE5-4955-19E9-8009E1DEE529}"
EndProject
Project("{FAE04EC0-301F-11D3-BF4B-00C04F79EFBC}") = "Meta.Voice.Samples.ShapesConduit", "Meta.Voice.Samples.ShapesConduit.csproj", "{344533A4-474F-A367-0451-3E4575124028}"
EndProject
Project("{FAE04EC0-301F-11D3-BF4B-00C04F79EFBC}") = "Meta.WitAi.Editor", "Meta.WitAi.Editor.csproj", "{F2AC98A9-FE84-7936-B8CD-899AE6C7989A}"
EndProject
Project("{FAE04EC0-301F-11D3-BF4B-00C04F79EFBC}") = "Oculus.Platform", "Oculus.Platform.csproj", "{72C668E1-5735-D784-98F6-428A71266EDF}"
EndProject
Project("{FAE04EC0-301F-11D3-BF4B-00C04F79EFBC}") = "VoiceSDK.Telemetry", "VoiceSDK.Telemetry.csproj", "{A22AA876-6D3D-CABB-436D-BC1F5ACE33CA}"
EndProject
Project("{FAE04EC0-301F-11D3-BF4B-00C04F79EFBC}") = "Meta.WitAi.Conduit.Editor", "Meta.WitAi.Conduit.Editor.csproj", "{56DADE9D-8035-291D-4EDE-09FB399C5A82}"
EndProject
Project("{FAE04EC0-301F-11D3-BF4B-00C04F79EFBC}") = "Meta.WitAi", "Meta.WitAi.csproj", "{BA37B2F3-574C-7D71-9599-095F42700D74}"
EndProject
Project("{FAE04EC0-301F-11D3-BF4B-00C04F79EFBC}") = "Oculus.Interaction.OVR.Samples", "Oculus.Interaction.OVR.Samples.csproj", "{D4B45615-34FB-8A87-179E-E9524440F3BA}"
EndProject
Project("{FAE04EC0-301F-11D3-BF4B-00C04F79EFBC}") = "Assembly-CSharp", "Assembly-CSharp.csproj", "{CA5DDC16-361C-E1D3-0596-4E0581DF30F3}"
EndProject
Project("{FAE04EC0-301F-11D3-BF4B-00C04F79EFBC}") = "Meta.WitAi.Lib", "Meta.WitAi.Lib.csproj", "{ED29C0D6-D862-1EFF-D542-E410A2F8A351}"
EndProject
Project("{FAE04EC0-301F-11D3-BF4B-00C04F79EFBC}") = "Oculus.VR.Editor", "Oculus.VR.Editor.csproj", "{90E1D416-A190-8038-4A61-7EB7523C2AFA}"
EndProject
Project("{FAE04EC0-301F-11D3-BF4B-00C04F79EFBC}") = "Meta.Voice.Hub.Runtime", "Meta.Voice.Hub.Runtime.csproj", "{6F0A90BF-DC3C-CB62-36B1-F48702EC434E}"
EndProject
Project("{FAE04EC0-301F-11D3-BF4B-00C04F79EFBC}") = "Oculus.Interaction.OVR.Editor", "Oculus.Interaction.OVR.Editor.csproj", "{3D3D80CD-8BB6-929F-D268-2E6D09695ECD}"
EndProject
Project("{FAE04EC0-301F-11D3-BF4B-00C04F79EFBC}") = "VoiceSDK.Dictation.Runtime", "VoiceSDK.Dictation.Runtime.csproj", "{9DA16E5A-33BB-6237-CBBD-0EFD46B0C02C}"
EndProject
Project("{FAE04EC0-301F-11D3-BF4B-00C04F79EFBC}") = "Oculus.LipSync", "Oculus.LipSync.csproj", "{7672F73E-CE4E-7268-29CC-ABB3A4ED6527}"
EndProject
Project("{FAE04EC0-301F-11D3-BF4B-00C04F79EFBC}") = "Oculus.Interaction.OVR", "Oculus.Interaction.OVR.csproj", "{32CD1B5A-F2E8-0FD9-C86C-C9CBF974FF9D}"
EndProject
Project("{FAE04EC0-301F-11D3-BF4B-00C04F79EFBC}") = "Meta.Voice.Hub.Editor", "Meta.Voice.Hub.Editor.csproj", "{947D5B50-976C-013C-C8E8-81C08225EE2A}"
EndProject
Project("{FAE04EC0-301F-11D3-BF4B-00C04F79EFBC}") = "VoiceSDK.Editor", "VoiceSDK.Editor.csproj", "{953C195F-01E0-CA09-8ED3-8EDBC610FABC}"
EndProject
Project("{FAE04EC0-301F-11D3-BF4B-00C04F79EFBC}") = "Meta.WitAI.Lib.Editor", "Meta.WitAI.Lib.Editor.csproj", "{E0637AC8-4AA8-3828-B5D8-B2DD6CBAF3AE}"
EndProject
Project("{FAE04EC0-301F-11D3-BF4B-00C04F79EFBC}") = "Oculus.Spatializer.Editor", "Oculus.Spatializer.Editor.csproj", "{BD3F987B-7A05-1953-CE61-16821A106E8D}"
EndProject
Project("{FAE04EC0-301F-11D3-BF4B-00C04F79EFBC}") = "AssistantCoreSDKRuntime", "AssistantCoreSDKRuntime.csproj", "{3321F615-B183-79EB-D6A1-90398A9C0F64}"
EndProject
Project("{FAE04EC0-301F-11D3-BF4B-00C04F79EFBC}") = "VoiceSDK.Runtime", "VoiceSDK.Runtime.csproj", "{0C502DF2-3DEE-75BB-BD40-3C9591D79DB1}"
EndProject
Project("{FAE04EC0-301F-11D3-BF4B-00C04F79EFBC}") = "Facebook.Wit.Dictation", "Facebook.Wit.Dictation.csproj", "{AD91C0E7-28E6-6B05-602F-EE5BC2602CC5}"
EndProject
Project("{FAE04EC0-301F-11D3-BF4B-00C04F79EFBC}") = "Oculus.AudioManager", "Oculus.AudioManager.csproj", "{784423F6-6C06-B5A7-4867-E510ED4D7657}"
EndProject
Project("{FAE04EC0-301F-11D3-BF4B-00C04F79EFBC}") = "Meta.Voice.Samples.BuiltInTimer", "Meta.Voice.Samples.BuiltInTimer.csproj", "{2CBF56B0-D231-85B8-A864-F998DE68EE43}"
EndProject
Project("{FAE04EC0-301F-11D3-BF4B-00C04F79EFBC}") = "Oculus.Platform.Editor", "Oculus.Platform.Editor.csproj", "{B14C29F1-5D7B-8EA0-2FCF-0B795C07D319}"
EndProject
Project("{FAE04EC0-301F-11D3-BF4B-00C04F79EFBC}") = "Meta.XR.BuildingBlocks.Editor", "Meta.XR.BuildingBlocks.Editor.csproj", "{FC132D13-4CC6-2072-1C35-3BF0DD0A3CEC}"
EndProject
Project("{FAE04EC0-301F-11D3-BF4B-00C04F79EFBC}") = "Meta.Voice.Samples.TTSVoices", "Meta.Voice.Samples.TTSVoices.csproj", "{9E716B9C-FC83-1C19-FB60-79FF0AAB435B}"
EndProject
Project("{FAE04EC0-301F-11D3-BF4B-00C04F79EFBC}") = "Meta.Voice.VSDKHub.Editor", "Meta.Voice.VSDKHub.Editor.csproj", "{03B03ACC-0607-664C-981F-FE44B3C8565F}"
EndProject
Project("{FAE04EC0-301F-11D3-BF4B-00C04F79EFBC}") = "Meta.WitAi.TTS", "Meta.WitAi.TTS.csproj", "{0D6FE0DA-08E3-5CBD-E6E1-C08059457A62}"
EndProject
Project("{FAE04EC0-301F-11D3-BF4B-00C04F79EFBC}") = "Oculus.AudioManager.Audio.Editor", "Oculus.AudioManager.Audio.Editor.csproj", "{89F3B76A-FA98-C773-7CAD-0F96604ED672}"
EndProject
Project("{FAE04EC0-301F-11D3-BF4B-00C04F79EFBC}") = "Assembly-CSharp-Editor", "Assembly-CSharp-Editor.csproj", "{9B60D61A-079D-C3FC-CE33-A6523687EB35}"
EndProject
Project("{FAE04EC0-301F-11D3-BF4B-00C04F79EFBC}") = "Meta.Voice.Samples.Chess", "Meta.Voice.Samples.Chess.csproj", "{A68B781E-0376-76E1-DEDB-0084D5DF7D03}"
EndProject
Project("{FAE04EC0-301F-11D3-BF4B-00C04F79EFBC}") = "Oculus.VR.Scripts.Editor", "Oculus.VR.Scripts.Editor.csproj", "{1B1C194D-8AFD-C2AA-73EA-AF9EDAC9D742}"
EndProject
Project("{FAE04EC0-301F-11D3-BF4B-00C04F79EFBC}") = "Meta.Voice.Samples.LightTraits", "Meta.Voice.Samples.LightTraits.csproj", "{48AEC175-A5B4-B361-D028-5CECBA5971A0}"
EndProject
Project("{FAE04EC0-301F-11D3-BF4B-00C04F79EFBC}") = "Meta.Voice.Samples.Dictation", "Meta.Voice.Samples.Dictation.csproj", "{665C3127-009B-7776-C4FD-DE0453CF78B4}"
EndProject
Project("{FAE04EC0-301F-11D3-BF4B-00C04F79EFBC}") = "Meta.Voice.Samples.Shapes", "Meta.Voice.Samples.Shapes.csproj", "{BFE0E9DF-DFAD-63F1-C470-68BA4C73CC33}"
EndProject
Project("{FAE04EC0-301F-11D3-BF4B-00C04F79EFBC}") = "Oculus.Interaction.Samples.Editor", "Oculus.Interaction.Samples.Editor.csproj", "{4EB6C087-A7BE-5640-045A-A99D3F4B0835}"
EndProject
Project("{FAE04EC0-301F-11D3-BF4B-00C04F79EFBC}") = "Meta.WitAi.TTS.Editor", "Meta.WitAi.TTS.Editor.csproj", "{7BE262FF-7FC7-8F16-C6DB-6EF8B11C1F5E}"
EndProject
Project("{FAE04EC0-301F-11D3-BF4B-00C04F79EFBC}") = "Meta.XR.BuildingBlocks", "Meta.XR.BuildingBlocks.csproj", "{EAD4A436-138B-A486-F158-74E13755F87F}"
EndProject
Project("{FAE04EC0-301F-11D3-BF4B-00C04F79EFBC}") = "Oculus.Spatializer", "Oculus.Spatializer.csproj", "{4937C428-81AE-69B2-02D5-E68ED46A7C1C}"
EndProject
Project("{FAE04EC0-301F-11D3-BF4B-00C04F79EFBC}") = "Oculus.LipSync.Editor", "Oculus.LipSync.Editor.csproj", "{5E0F5FEF-0636-6C45-A009-AFBB1995C43B}"
EndProject
Project("{FAE04EC0-301F-11D3-BF4B-00C04F79EFBC}") = "Oculus.AudioManager.Utils.Editor", "Oculus.AudioManager.Utils.Editor.csproj", "{F3BF350F-8715-C590-18C3-C600C6E11F27}"
EndProject
Project("{FAE04EC0-301F-11D3-BF4B-00C04F79EFBC}") = "Meta.VoiceSDK.Mic.Common", "Meta.VoiceSDK.Mic.Common.csproj", "{16ECA01D-3BBF-5E51-7217-F33589BC4F25}"
EndProject
Project("{FAE04EC0-301F-11D3-BF4B-00C04F79EFBC}") = "VoiceSDK.Dictation.Editor", "VoiceSDK.Dictation.Editor.csproj", "{D480D3DD-A645-D2EB-52A7-3FE5EAACEF2C}"
EndProject
Project("{FAE04EC0-301F-11D3-BF4B-00C04F79EFBC}") = "Meta.VoiceSDK.Mic.Other", "Meta.VoiceSDK.Mic.Other.csproj", "{BF7CBB1C-144D-80E7-326F-326CFD8F6EF9}"
EndProject
Project("{FAE04EC0-301F-11D3-BF4B-00C04F79EFBC}") = "AssistantCoreSDKEditor", "AssistantCoreSDKEditor.csproj", "{CDC297A2-D51F-EEE0-9B5F-C4B05C618E6C}"
EndProject
Project("{FAE04EC0-301F-11D3-BF4B-00C04F79EFBC}") = "Oculus.Interaction.InterfaceSupport", "Oculus.Interaction.InterfaceSupport.csproj", "{988A7C01-7B54-662A-982A-01229222DAF6}"
EndProject
Project("{FAE04EC0-301F-11D3-BF4B-00C04F79EFBC}") = "Meta.Voice.Samples.LiveUnderstanding", "Meta.Voice.Samples.LiveUnderstanding.csproj", "{74424375-D3B1-E24A-5F53-F7C582D0F6B4}"
EndProject
Project("{FAE04EC0-301F-11D3-BF4B-00C04F79EFBC}") = "Facebook.Wit.Dictation.Editor", "Facebook.Wit.Dictation.Editor.csproj", "{D73FC6A3-D67A-F923-35B9-25A0C5383435}"
EndProject
Project("{FAE04EC0-301F-11D3-BF4B-00C04F79EFBC}") = "Meta.VoiceSDK.Mic.WebGL", "Meta.VoiceSDK.Mic.WebGL.csproj", "{686521AB-D30B-67F9-0203-EE6B580AB642}"
EndProject
Global
	GlobalSection(SolutionConfigurationPlatforms) = preSolution
		Debug|Any CPU = Debug|Any CPU
		Release|Any CPU = Release|Any CPU
	EndGlobalSection
	GlobalSection(ProjectConfigurationPlatforms) = postSolution
		{F381C700-6959-AA88-76DA-30BFAA3EE32E}.Debug|Any CPU.ActiveCfg = Debug|Any CPU
		{F381C700-6959-AA88-76DA-30BFAA3EE32E}.Debug|Any CPU.Build.0 = Debug|Any CPU
		{F381C700-6959-AA88-76DA-30BFAA3EE32E}.Release|Any CPU.ActiveCfg = Release|Any CPU
		{F381C700-6959-AA88-76DA-30BFAA3EE32E}.Release|Any CPU.Build.0 = Release|Any CPU
		{719CE5D2-2EB3-907F-F567-55B1F4A9AB17}.Debug|Any CPU.ActiveCfg = Debug|Any CPU
		{719CE5D2-2EB3-907F-F567-55B1F4A9AB17}.Debug|Any CPU.Build.0 = Debug|Any CPU
		{719CE5D2-2EB3-907F-F567-55B1F4A9AB17}.Release|Any CPU.ActiveCfg = Release|Any CPU
		{719CE5D2-2EB3-907F-F567-55B1F4A9AB17}.Release|Any CPU.Build.0 = Release|Any CPU
		{F4EB68AA-5F2D-EDBD-37CD-B98725BAFC14}.Debug|Any CPU.ActiveCfg = Debug|Any CPU
		{F4EB68AA-5F2D-EDBD-37CD-B98725BAFC14}.Debug|Any CPU.Build.0 = Debug|Any CPU
		{F4EB68AA-5F2D-EDBD-37CD-B98725BAFC14}.Release|Any CPU.ActiveCfg = Release|Any CPU
		{F4EB68AA-5F2D-EDBD-37CD-B98725BAFC14}.Release|Any CPU.Build.0 = Release|Any CPU
		{DCABF332-1EE5-4955-19E9-8009E1DEE529}.Debug|Any CPU.ActiveCfg = Debug|Any CPU
		{DCABF332-1EE5-4955-19E9-8009E1DEE529}.Debug|Any CPU.Build.0 = Debug|Any CPU
		{DCABF332-1EE5-4955-19E9-8009E1DEE529}.Release|Any CPU.ActiveCfg = Release|Any CPU
		{DCABF332-1EE5-4955-19E9-8009E1DEE529}.Release|Any CPU.Build.0 = Release|Any CPU
		{344533A4-474F-A367-0451-3E4575124028}.Debug|Any CPU.ActiveCfg = Debug|Any CPU
		{344533A4-474F-A367-0451-3E4575124028}.Debug|Any CPU.Build.0 = Debug|Any CPU
		{344533A4-474F-A367-0451-3E4575124028}.Release|Any CPU.ActiveCfg = Release|Any CPU
		{344533A4-474F-A367-0451-3E4575124028}.Release|Any CPU.Build.0 = Release|Any CPU
		{F2AC98A9-FE84-7936-B8CD-899AE6C7989A}.Debug|Any CPU.ActiveCfg = Debug|Any CPU
		{F2AC98A9-FE84-7936-B8CD-899AE6C7989A}.Debug|Any CPU.Build.0 = Debug|Any CPU
		{F2AC98A9-FE84-7936-B8CD-899AE6C7989A}.Release|Any CPU.ActiveCfg = Release|Any CPU
		{F2AC98A9-FE84-7936-B8CD-899AE6C7989A}.Release|Any CPU.Build.0 = Release|Any CPU
		{72C668E1-5735-D784-98F6-428A71266EDF}.Debug|Any CPU.ActiveCfg = Debug|Any CPU
		{72C668E1-5735-D784-98F6-428A71266EDF}.Debug|Any CPU.Build.0 = Debug|Any CPU
		{72C668E1-5735-D784-98F6-428A71266EDF}.Release|Any CPU.ActiveCfg = Release|Any CPU
		{72C668E1-5735-D784-98F6-428A71266EDF}.Release|Any CPU.Build.0 = Release|Any CPU
		{A22AA876-6D3D-CABB-436D-BC1F5ACE33CA}.Debug|Any CPU.ActiveCfg = Debug|Any CPU
		{A22AA876-6D3D-CABB-436D-BC1F5ACE33CA}.Debug|Any CPU.Build.0 = Debug|Any CPU
		{A22AA876-6D3D-CABB-436D-BC1F5ACE33CA}.Release|Any CPU.ActiveCfg = Release|Any CPU
		{A22AA876-6D3D-CABB-436D-BC1F5ACE33CA}.Release|Any CPU.Build.0 = Release|Any CPU
		{56DADE9D-8035-291D-4EDE-09FB399C5A82}.Debug|Any CPU.ActiveCfg = Debug|Any CPU
		{56DADE9D-8035-291D-4EDE-09FB399C5A82}.Debug|Any CPU.Build.0 = Debug|Any CPU
		{56DADE9D-8035-291D-4EDE-09FB399C5A82}.Release|Any CPU.ActiveCfg = Release|Any CPU
		{56DADE9D-8035-291D-4EDE-09FB399C5A82}.Release|Any CPU.Build.0 = Release|Any CPU
		{BA37B2F3-574C-7D71-9599-095F42700D74}.Debug|Any CPU.ActiveCfg = Debug|Any CPU
		{BA37B2F3-574C-7D71-9599-095F42700D74}.Debug|Any CPU.Build.0 = Debug|Any CPU
		{BA37B2F3-574C-7D71-9599-095F42700D74}.Release|Any CPU.ActiveCfg = Release|Any CPU
		{BA37B2F3-574C-7D71-9599-095F42700D74}.Release|Any CPU.Build.0 = Release|Any CPU
		{D4B45615-34FB-8A87-179E-E9524440F3BA}.Debug|Any CPU.ActiveCfg = Debug|Any CPU
		{D4B45615-34FB-8A87-179E-E9524440F3BA}.Debug|Any CPU.Build.0 = Debug|Any CPU
		{D4B45615-34FB-8A87-179E-E9524440F3BA}.Release|Any CPU.ActiveCfg = Release|Any CPU
		{D4B45615-34FB-8A87-179E-E9524440F3BA}.Release|Any CPU.Build.0 = Release|Any CPU
		{CA5DDC16-361C-E1D3-0596-4E0581DF30F3}.Debug|Any CPU.ActiveCfg = Debug|Any CPU
		{CA5DDC16-361C-E1D3-0596-4E0581DF30F3}.Debug|Any CPU.Build.0 = Debug|Any CPU
		{CA5DDC16-361C-E1D3-0596-4E0581DF30F3}.Release|Any CPU.ActiveCfg = Release|Any CPU
		{CA5DDC16-361C-E1D3-0596-4E0581DF30F3}.Release|Any CPU.Build.0 = Release|Any CPU
		{ED29C0D6-D862-1EFF-D542-E410A2F8A351}.Debug|Any CPU.ActiveCfg = Debug|Any CPU
		{ED29C0D6-D862-1EFF-D542-E410A2F8A351}.Debug|Any CPU.Build.0 = Debug|Any CPU
		{ED29C0D6-D862-1EFF-D542-E410A2F8A351}.Release|Any CPU.ActiveCfg = Release|Any CPU
		{ED29C0D6-D862-1EFF-D542-E410A2F8A351}.Release|Any CPU.Build.0 = Release|Any CPU
		{90E1D416-A190-8038-4A61-7EB7523C2AFA}.Debug|Any CPU.ActiveCfg = Debug|Any CPU
		{90E1D416-A190-8038-4A61-7EB7523C2AFA}.Debug|Any CPU.Build.0 = Debug|Any CPU
		{90E1D416-A190-8038-4A61-7EB7523C2AFA}.Release|Any CPU.ActiveCfg = Release|Any CPU
		{90E1D416-A190-8038-4A61-7EB7523C2AFA}.Release|Any CPU.Build.0 = Release|Any CPU
		{6F0A90BF-DC3C-CB62-36B1-F48702EC434E}.Debug|Any CPU.ActiveCfg = Debug|Any CPU
		{6F0A90BF-DC3C-CB62-36B1-F48702EC434E}.Debug|Any CPU.Build.0 = Debug|Any CPU
		{6F0A90BF-DC3C-CB62-36B1-F48702EC434E}.Release|Any CPU.ActiveCfg = Release|Any CPU
		{6F0A90BF-DC3C-CB62-36B1-F48702EC434E}.Release|Any CPU.Build.0 = Release|Any CPU
		{3D3D80CD-8BB6-929F-D268-2E6D09695ECD}.Debug|Any CPU.ActiveCfg = Debug|Any CPU
		{3D3D80CD-8BB6-929F-D268-2E6D09695ECD}.Debug|Any CPU.Build.0 = Debug|Any CPU
		{3D3D80CD-8BB6-929F-D268-2E6D09695ECD}.Release|Any CPU.ActiveCfg = Release|Any CPU
		{3D3D80CD-8BB6-929F-D268-2E6D09695ECD}.Release|Any CPU.Build.0 = Release|Any CPU
		{9DA16E5A-33BB-6237-CBBD-0EFD46B0C02C}.Debug|Any CPU.ActiveCfg = Debug|Any CPU
		{9DA16E5A-33BB-6237-CBBD-0EFD46B0C02C}.Debug|Any CPU.Build.0 = Debug|Any CPU
		{9DA16E5A-33BB-6237-CBBD-0EFD46B0C02C}.Release|Any CPU.ActiveCfg = Release|Any CPU
		{9DA16E5A-33BB-6237-CBBD-0EFD46B0C02C}.Release|Any CPU.Build.0 = Release|Any CPU
		{7672F73E-CE4E-7268-29CC-ABB3A4ED6527}.Debug|Any CPU.ActiveCfg = Debug|Any CPU
		{7672F73E-CE4E-7268-29CC-ABB3A4ED6527}.Debug|Any CPU.Build.0 = Debug|Any CPU
		{7672F73E-CE4E-7268-29CC-ABB3A4ED6527}.Release|Any CPU.ActiveCfg = Release|Any CPU
		{7672F73E-CE4E-7268-29CC-ABB3A4ED6527}.Release|Any CPU.Build.0 = Release|Any CPU
		{32CD1B5A-F2E8-0FD9-C86C-C9CBF974FF9D}.Debug|Any CPU.ActiveCfg = Debug|Any CPU
		{32CD1B5A-F2E8-0FD9-C86C-C9CBF974FF9D}.Debug|Any CPU.Build.0 = Debug|Any CPU
		{32CD1B5A-F2E8-0FD9-C86C-C9CBF974FF9D}.Release|Any CPU.ActiveCfg = Release|Any CPU
		{32CD1B5A-F2E8-0FD9-C86C-C9CBF974FF9D}.Release|Any CPU.Build.0 = Release|Any CPU
		{947D5B50-976C-013C-C8E8-81C08225EE2A}.Debug|Any CPU.ActiveCfg = Debug|Any CPU
		{947D5B50-976C-013C-C8E8-81C08225EE2A}.Debug|Any CPU.Build.0 = Debug|Any CPU
		{947D5B50-976C-013C-C8E8-81C08225EE2A}.Release|Any CPU.ActiveCfg = Release|Any CPU
		{947D5B50-976C-013C-C8E8-81C08225EE2A}.Release|Any CPU.Build.0 = Release|Any CPU
		{953C195F-01E0-CA09-8ED3-8EDBC610FABC}.Debug|Any CPU.ActiveCfg = Debug|Any CPU
		{953C195F-01E0-CA09-8ED3-8EDBC610FABC}.Debug|Any CPU.Build.0 = Debug|Any CPU
		{953C195F-01E0-CA09-8ED3-8EDBC610FABC}.Release|Any CPU.ActiveCfg = Release|Any CPU
		{953C195F-01E0-CA09-8ED3-8EDBC610FABC}.Release|Any CPU.Build.0 = Release|Any CPU
		{E0637AC8-4AA8-3828-B5D8-B2DD6CBAF3AE}.Debug|Any CPU.ActiveCfg = Debug|Any CPU
		{E0637AC8-4AA8-3828-B5D8-B2DD6CBAF3AE}.Debug|Any CPU.Build.0 = Debug|Any CPU
		{E0637AC8-4AA8-3828-B5D8-B2DD6CBAF3AE}.Release|Any CPU.ActiveCfg = Release|Any CPU
		{E0637AC8-4AA8-3828-B5D8-B2DD6CBAF3AE}.Release|Any CPU.Build.0 = Release|Any CPU
		{BD3F987B-7A05-1953-CE61-16821A106E8D}.Debug|Any CPU.ActiveCfg = Debug|Any CPU
		{BD3F987B-7A05-1953-CE61-16821A106E8D}.Debug|Any CPU.Build.0 = Debug|Any CPU
		{BD3F987B-7A05-1953-CE61-16821A106E8D}.Release|Any CPU.ActiveCfg = Release|Any CPU
		{BD3F987B-7A05-1953-CE61-16821A106E8D}.Release|Any CPU.Build.0 = Release|Any CPU
		{3321F615-B183-79EB-D6A1-90398A9C0F64}.Debug|Any CPU.ActiveCfg = Debug|Any CPU
		{3321F615-B183-79EB-D6A1-90398A9C0F64}.Debug|Any CPU.Build.0 = Debug|Any CPU
		{3321F615-B183-79EB-D6A1-90398A9C0F64}.Release|Any CPU.ActiveCfg = Release|Any CPU
		{3321F615-B183-79EB-D6A1-90398A9C0F64}.Release|Any CPU.Build.0 = Release|Any CPU
		{0C502DF2-3DEE-75BB-BD40-3C9591D79DB1}.Debug|Any CPU.ActiveCfg = Debug|Any CPU
		{0C502DF2-3DEE-75BB-BD40-3C9591D79DB1}.Debug|Any CPU.Build.0 = Debug|Any CPU
		{0C502DF2-3DEE-75BB-BD40-3C9591D79DB1}.Release|Any CPU.ActiveCfg = Release|Any CPU
		{0C502DF2-3DEE-75BB-BD40-3C9591D79DB1}.Release|Any CPU.Build.0 = Release|Any CPU
		{AD91C0E7-28E6-6B05-602F-EE5BC2602CC5}.Debug|Any CPU.ActiveCfg = Debug|Any CPU
		{AD91C0E7-28E6-6B05-602F-EE5BC2602CC5}.Debug|Any CPU.Build.0 = Debug|Any CPU
		{AD91C0E7-28E6-6B05-602F-EE5BC2602CC5}.Release|Any CPU.ActiveCfg = Release|Any CPU
		{AD91C0E7-28E6-6B05-602F-EE5BC2602CC5}.Release|Any CPU.Build.0 = Release|Any CPU
		{784423F6-6C06-B5A7-4867-E510ED4D7657}.Debug|Any CPU.ActiveCfg = Debug|Any CPU
		{784423F6-6C06-B5A7-4867-E510ED4D7657}.Debug|Any CPU.Build.0 = Debug|Any CPU
		{784423F6-6C06-B5A7-4867-E510ED4D7657}.Release|Any CPU.ActiveCfg = Release|Any CPU
		{784423F6-6C06-B5A7-4867-E510ED4D7657}.Release|Any CPU.Build.0 = Release|Any CPU
		{2CBF56B0-D231-85B8-A864-F998DE68EE43}.Debug|Any CPU.ActiveCfg = Debug|Any CPU
		{2CBF56B0-D231-85B8-A864-F998DE68EE43}.Debug|Any CPU.Build.0 = Debug|Any CPU
		{2CBF56B0-D231-85B8-A864-F998DE68EE43}.Release|Any CPU.ActiveCfg = Release|Any CPU
		{2CBF56B0-D231-85B8-A864-F998DE68EE43}.Release|Any CPU.Build.0 = Release|Any CPU
		{B14C29F1-5D7B-8EA0-2FCF-0B795C07D319}.Debug|Any CPU.ActiveCfg = Debug|Any CPU
		{B14C29F1-5D7B-8EA0-2FCF-0B795C07D319}.Debug|Any CPU.Build.0 = Debug|Any CPU
		{B14C29F1-5D7B-8EA0-2FCF-0B795C07D319}.Release|Any CPU.ActiveCfg = Release|Any CPU
		{B14C29F1-5D7B-8EA0-2FCF-0B795C07D319}.Release|Any CPU.Build.0 = Release|Any CPU
		{FC132D13-4CC6-2072-1C35-3BF0DD0A3CEC}.Debug|Any CPU.ActiveCfg = Debug|Any CPU
		{FC132D13-4CC6-2072-1C35-3BF0DD0A3CEC}.Debug|Any CPU.Build.0 = Debug|Any CPU
		{FC132D13-4CC6-2072-1C35-3BF0DD0A3CEC}.Release|Any CPU.ActiveCfg = Release|Any CPU
		{FC132D13-4CC6-2072-1C35-3BF0DD0A3CEC}.Release|Any CPU.Build.0 = Release|Any CPU
		{9E716B9C-FC83-1C19-FB60-79FF0AAB435B}.Debug|Any CPU.ActiveCfg = Debug|Any CPU
		{9E716B9C-FC83-1C19-FB60-79FF0AAB435B}.Debug|Any CPU.Build.0 = Debug|Any CPU
		{9E716B9C-FC83-1C19-FB60-79FF0AAB435B}.Release|Any CPU.ActiveCfg = Release|Any CPU
		{9E716B9C-FC83-1C19-FB60-79FF0AAB435B}.Release|Any CPU.Build.0 = Release|Any CPU
		{03B03ACC-0607-664C-981F-FE44B3C8565F}.Debug|Any CPU.ActiveCfg = Debug|Any CPU
		{03B03ACC-0607-664C-981F-FE44B3C8565F}.Debug|Any CPU.Build.0 = Debug|Any CPU
		{03B03ACC-0607-664C-981F-FE44B3C8565F}.Release|Any CPU.ActiveCfg = Release|Any CPU
		{03B03ACC-0607-664C-981F-FE44B3C8565F}.Release|Any CPU.Build.0 = Release|Any CPU
		{0D6FE0DA-08E3-5CBD-E6E1-C08059457A62}.Debug|Any CPU.ActiveCfg = Debug|Any CPU
		{0D6FE0DA-08E3-5CBD-E6E1-C08059457A62}.Debug|Any CPU.Build.0 = Debug|Any CPU
		{0D6FE0DA-08E3-5CBD-E6E1-C08059457A62}.Release|Any CPU.ActiveCfg = Release|Any CPU
		{0D6FE0DA-08E3-5CBD-E6E1-C08059457A62}.Release|Any CPU.Build.0 = Release|Any CPU
		{89F3B76A-FA98-C773-7CAD-0F96604ED672}.Debug|Any CPU.ActiveCfg = Debug|Any CPU
		{89F3B76A-FA98-C773-7CAD-0F96604ED672}.Debug|Any CPU.Build.0 = Debug|Any CPU
		{89F3B76A-FA98-C773-7CAD-0F96604ED672}.Release|Any CPU.ActiveCfg = Release|Any CPU
		{89F3B76A-FA98-C773-7CAD-0F96604ED672}.Release|Any CPU.Build.0 = Release|Any CPU
		{9B60D61A-079D-C3FC-CE33-A6523687EB35}.Debug|Any CPU.ActiveCfg = Debug|Any CPU
		{9B60D61A-079D-C3FC-CE33-A6523687EB35}.Debug|Any CPU.Build.0 = Debug|Any CPU
		{9B60D61A-079D-C3FC-CE33-A6523687EB35}.Release|Any CPU.ActiveCfg = Release|Any CPU
		{9B60D61A-079D-C3FC-CE33-A6523687EB35}.Release|Any CPU.Build.0 = Release|Any CPU
		{A68B781E-0376-76E1-DEDB-0084D5DF7D03}.Debug|Any CPU.ActiveCfg = Debug|Any CPU
		{A68B781E-0376-76E1-DEDB-0084D5DF7D03}.Debug|Any CPU.Build.0 = Debug|Any CPU
		{A68B781E-0376-76E1-DEDB-0084D5DF7D03}.Release|Any CPU.ActiveCfg = Release|Any CPU
		{A68B781E-0376-76E1-DEDB-0084D5DF7D03}.Release|Any CPU.Build.0 = Release|Any CPU
		{1B1C194D-8AFD-C2AA-73EA-AF9EDAC9D742}.Debug|Any CPU.ActiveCfg = Debug|Any CPU
		{1B1C194D-8AFD-C2AA-73EA-AF9EDAC9D742}.Debug|Any CPU.Build.0 = Debug|Any CPU
		{1B1C194D-8AFD-C2AA-73EA-AF9EDAC9D742}.Release|Any CPU.ActiveCfg = Release|Any CPU
		{1B1C194D-8AFD-C2AA-73EA-AF9EDAC9D742}.Release|Any CPU.Build.0 = Release|Any CPU
		{48AEC175-A5B4-B361-D028-5CECBA5971A0}.Debug|Any CPU.ActiveCfg = Debug|Any CPU
		{48AEC175-A5B4-B361-D028-5CECBA5971A0}.Debug|Any CPU.Build.0 = Debug|Any CPU
		{48AEC175-A5B4-B361-D028-5CECBA5971A0}.Release|Any CPU.ActiveCfg = Release|Any CPU
		{48AEC175-A5B4-B361-D028-5CECBA5971A0}.Release|Any CPU.Build.0 = Release|Any CPU
		{665C3127-009B-7776-C4FD-DE0453CF78B4}.Debug|Any CPU.ActiveCfg = Debug|Any CPU
		{665C3127-009B-7776-C4FD-DE0453CF78B4}.Debug|Any CPU.Build.0 = Debug|Any CPU
		{665C3127-009B-7776-C4FD-DE0453CF78B4}.Release|Any CPU.ActiveCfg = Release|Any CPU
		{665C3127-009B-7776-C4FD-DE0453CF78B4}.Release|Any CPU.Build.0 = Release|Any CPU
		{BFE0E9DF-DFAD-63F1-C470-68BA4C73CC33}.Debug|Any CPU.ActiveCfg = Debug|Any CPU
		{BFE0E9DF-DFAD-63F1-C470-68BA4C73CC33}.Debug|Any CPU.Build.0 = Debug|Any CPU
		{BFE0E9DF-DFAD-63F1-C470-68BA4C73CC33}.Release|Any CPU.ActiveCfg = Release|Any CPU
		{BFE0E9DF-DFAD-63F1-C470-68BA4C73CC33}.Release|Any CPU.Build.0 = Release|Any CPU
		{4EB6C087-A7BE-5640-045A-A99D3F4B0835}.Debug|Any CPU.ActiveCfg = Debug|Any CPU
		{4EB6C087-A7BE-5640-045A-A99D3F4B0835}.Debug|Any CPU.Build.0 = Debug|Any CPU
		{4EB6C087-A7BE-5640-045A-A99D3F4B0835}.Release|Any CPU.ActiveCfg = Release|Any CPU
		{4EB6C087-A7BE-5640-045A-A99D3F4B0835}.Release|Any CPU.Build.0 = Release|Any CPU
		{7BE262FF-7FC7-8F16-C6DB-6EF8B11C1F5E}.Debug|Any CPU.ActiveCfg = Debug|Any CPU
		{7BE262FF-7FC7-8F16-C6DB-6EF8B11C1F5E}.Debug|Any CPU.Build.0 = Debug|Any CPU
		{7BE262FF-7FC7-8F16-C6DB-6EF8B11C1F5E}.Release|Any CPU.ActiveCfg = Release|Any CPU
		{7BE262FF-7FC7-8F16-C6DB-6EF8B11C1F5E}.Release|Any CPU.Build.0 = Release|Any CPU
		{EAD4A436-138B-A486-F158-74E13755F87F}.Debug|Any CPU.ActiveCfg = Debug|Any CPU
		{EAD4A436-138B-A486-F158-74E13755F87F}.Debug|Any CPU.Build.0 = Debug|Any CPU
		{EAD4A436-138B-A486-F158-74E13755F87F}.Release|Any CPU.ActiveCfg = Release|Any CPU
		{EAD4A436-138B-A486-F158-74E13755F87F}.Release|Any CPU.Build.0 = Release|Any CPU
		{4937C428-81AE-69B2-02D5-E68ED46A7C1C}.Debug|Any CPU.ActiveCfg = Debug|Any CPU
		{4937C428-81AE-69B2-02D5-E68ED46A7C1C}.Debug|Any CPU.Build.0 = Debug|Any CPU
		{4937C428-81AE-69B2-02D5-E68ED46A7C1C}.Release|Any CPU.ActiveCfg = Release|Any CPU
		{4937C428-81AE-69B2-02D5-E68ED46A7C1C}.Release|Any CPU.Build.0 = Release|Any CPU
		{5E0F5FEF-0636-6C45-A009-AFBB1995C43B}.Debug|Any CPU.ActiveCfg = Debug|Any CPU
		{5E0F5FEF-0636-6C45-A009-AFBB1995C43B}.Debug|Any CPU.Build.0 = Debug|Any CPU
		{5E0F5FEF-0636-6C45-A009-AFBB1995C43B}.Release|Any CPU.ActiveCfg = Release|Any CPU
		{5E0F5FEF-0636-6C45-A009-AFBB1995C43B}.Release|Any CPU.Build.0 = Release|Any CPU
		{F3BF350F-8715-C590-18C3-C600C6E11F27}.Debug|Any CPU.ActiveCfg = Debug|Any CPU
		{F3BF350F-8715-C590-18C3-C600C6E11F27}.Debug|Any CPU.Build.0 = Debug|Any CPU
		{F3BF350F-8715-C590-18C3-C600C6E11F27}.Release|Any CPU.ActiveCfg = Release|Any CPU
		{F3BF350F-8715-C590-18C3-C600C6E11F27}.Release|Any CPU.Build.0 = Release|Any CPU
		{16ECA01D-3BBF-5E51-7217-F33589BC4F25}.Debug|Any CPU.ActiveCfg = Debug|Any CPU
		{16ECA01D-3BBF-5E51-7217-F33589BC4F25}.Debug|Any CPU.Build.0 = Debug|Any CPU
		{16ECA01D-3BBF-5E51-7217-F33589BC4F25}.Release|Any CPU.ActiveCfg = Release|Any CPU
		{16ECA01D-3BBF-5E51-7217-F33589BC4F25}.Release|Any CPU.Build.0 = Release|Any CPU
		{D480D3DD-A645-D2EB-52A7-3FE5EAACEF2C}.Debug|Any CPU.ActiveCfg = Debug|Any CPU
		{D480D3DD-A645-D2EB-52A7-3FE5EAACEF2C}.Debug|Any CPU.Build.0 = Debug|Any CPU
		{D480D3DD-A645-D2EB-52A7-3FE5EAACEF2C}.Release|Any CPU.ActiveCfg = Release|Any CPU
		{D480D3DD-A645-D2EB-52A7-3FE5EAACEF2C}.Release|Any CPU.Build.0 = Release|Any CPU
		{BF7CBB1C-144D-80E7-326F-326CFD8F6EF9}.Debug|Any CPU.ActiveCfg = Debug|Any CPU
		{BF7CBB1C-144D-80E7-326F-326CFD8F6EF9}.Debug|Any CPU.Build.0 = Debug|Any CPU
		{BF7CBB1C-144D-80E7-326F-326CFD8F6EF9}.Release|Any CPU.ActiveCfg = Release|Any CPU
		{BF7CBB1C-144D-80E7-326F-326CFD8F6EF9}.Release|Any CPU.Build.0 = Release|Any CPU
		{CDC297A2-D51F-EEE0-9B5F-C4B05C618E6C}.Debug|Any CPU.ActiveCfg = Debug|Any CPU
		{CDC297A2-D51F-EEE0-9B5F-C4B05C618E6C}.Debug|Any CPU.Build.0 = Debug|Any CPU
		{CDC297A2-D51F-EEE0-9B5F-C4B05C618E6C}.Release|Any CPU.ActiveCfg = Release|Any CPU
		{CDC297A2-D51F-EEE0-9B5F-C4B05C618E6C}.Release|Any CPU.Build.0 = Release|Any CPU
		{988A7C01-7B54-662A-982A-01229222DAF6}.Debug|Any CPU.ActiveCfg = Debug|Any CPU
		{988A7C01-7B54-662A-982A-01229222DAF6}.Debug|Any CPU.Build.0 = Debug|Any CPU
		{988A7C01-7B54-662A-982A-01229222DAF6}.Release|Any CPU.ActiveCfg = Release|Any CPU
		{988A7C01-7B54-662A-982A-01229222DAF6}.Release|Any CPU.Build.0 = Release|Any CPU
		{74424375-D3B1-E24A-5F53-F7C582D0F6B4}.Debug|Any CPU.ActiveCfg = Debug|Any CPU
		{74424375-D3B1-E24A-5F53-F7C582D0F6B4}.Debug|Any CPU.Build.0 = Debug|Any CPU
		{74424375-D3B1-E24A-5F53-F7C582D0F6B4}.Release|Any CPU.ActiveCfg = Release|Any CPU
		{74424375-D3B1-E24A-5F53-F7C582D0F6B4}.Release|Any CPU.Build.0 = Release|Any CPU
		{D73FC6A3-D67A-F923-35B9-25A0C5383435}.Debug|Any CPU.ActiveCfg = Debug|Any CPU
		{D73FC6A3-D67A-F923-35B9-25A0C5383435}.Debug|Any CPU.Build.0 = Debug|Any CPU
		{D73FC6A3-D67A-F923-35B9-25A0C5383435}.Release|Any CPU.ActiveCfg = Release|Any CPU
		{D73FC6A3-D67A-F923-35B9-25A0C5383435}.Release|Any CPU.Build.0 = Release|Any CPU
		{686521AB-D30B-67F9-0203-EE6B580AB642}.Debug|Any CPU.ActiveCfg = Debug|Any CPU
		{686521AB-D30B-67F9-0203-EE6B580AB642}.Debug|Any CPU.Build.0 = Debug|Any CPU
		{686521AB-D30B-67F9-0203-EE6B580AB642}.Release|Any CPU.ActiveCfg = Release|Any CPU
		{686521AB-D30B-67F9-0203-EE6B580AB642}.Release|Any CPU.Build.0 = Release|Any CPU
	EndGlobalSection
	GlobalSection(SolutionProperties) = preSolution
		HideSolutionNode = FALSE
	EndGlobalSection
EndGlobal
