
Microsoft Visual Studio Solution File, Format Version 12.00
# Visual Studio 15
Project("{FAE04EC0-301F-11D3-BF4B-00C04F79EFBC}") = "Oculus.Interaction.Editor", "Oculus.Interaction.Editor.csproj", "{4FB837FC-8A0E-D112-5B28-D45E2BFB3AF2}"
EndProject
Project("{FAE04EC0-301F-11D3-BF4B-00C04F79EFBC}") = "Meta.WitAi.Conduit", "Meta.WitAi.Conduit.csproj", "{7B29F989-4843-8FA1-789A-95B0F37CD35E}"
EndProject
Project("{FAE04EC0-301F-11D3-BF4B-00C04F79EFBC}") = "Oculus.VR", "Oculus.VR.csproj", "{831B97CF-37BB-3BA8-B1F6-D9DD38ED1339}"
EndProject
Project("{FAE04EC0-301F-11D3-BF4B-00C04F79EFBC}") = "Oculus.Interaction", "Oculus.Interaction.csproj", "{AF9EBD00-AE7D-CF9B-D4F0-89CB8DDBC159}"
EndProject
Project("{FAE04EC0-301F-11D3-BF4B-00C04F79EFBC}") = "Meta.Voice.Samples.ShapesConduit", "Meta.Voice.Samples.ShapesConduit.csproj", "{34002466-BE40-B3E4-D40C-B115C2CF29D3}"
EndProject
Project("{FAE04EC0-301F-11D3-BF4B-00C04F79EFBC}") = "Meta.WitAi.Editor", "Meta.WitAi.Editor.csproj", "{E8BE32AF-8B9D-E68F-D157-426F4798E0A6}"
EndProject
Project("{FAE04EC0-301F-11D3-BF4B-00C04F79EFBC}") = "Oculus.Platform", "Oculus.Platform.csproj", "{15AAF796-03F3-D433-64CF-134E4A431BEA}"
EndProject
Project("{FAE04EC0-301F-11D3-BF4B-00C04F79EFBC}") = "VoiceSDK.Telemetry", "VoiceSDK.Telemetry.csproj", "{92458BDE-BC9B-C7D0-C534-B0311640F8F9}"
EndProject
Project("{FAE04EC0-301F-11D3-BF4B-00C04F79EFBC}") = "Meta.WitAi.Conduit.Editor", "Meta.WitAi.Conduit.Editor.csproj", "{A7F62061-9CF0-E82E-00B6-E308779C25B6}"
EndProject
Project("{FAE04EC0-301F-11D3-BF4B-00C04F79EFBC}") = "Meta.WitAi", "Meta.WitAi.csproj", "{F09DB78F-B96C-7480-73E3-A0BE986871E0}"
EndProject
Project("{FAE04EC0-301F-11D3-BF4B-00C04F79EFBC}") = "Oculus.Interaction.OVR.Samples", "Oculus.Interaction.OVR.Samples.csproj", "{544185FE-E242-7D1E-8E31-EED90C211F9C}"
EndProject
Project("{FAE04EC0-301F-11D3-BF4B-00C04F79EFBC}") = "Assembly-CSharp", "Assembly-CSharp.csproj", "{4CFFDA30-0E63-039E-0DCA-DAC117CE2649}"
EndProject
Project("{FAE04EC0-301F-11D3-BF4B-00C04F79EFBC}") = "Meta.WitAi.Lib", "Meta.WitAi.Lib.csproj", "{408A0941-4CF5-1D8D-059A-044DE75D25B4}"
EndProject
Project("{FAE04EC0-301F-11D3-BF4B-00C04F79EFBC}") = "Oculus.VR.Editor", "Oculus.VR.Editor.csproj", "{C39240B9-8351-1F50-9771-C3CCBAB3E7D7}"
EndProject
Project("{FAE04EC0-301F-11D3-BF4B-00C04F79EFBC}") = "Meta.Voice.Hub.Runtime", "Meta.Voice.Hub.Runtime.csproj", "{2E5DFDD9-7D40-C455-2F4C-DB7C78027B45}"
EndProject
Project("{FAE04EC0-301F-11D3-BF4B-00C04F79EFBC}") = "Oculus.Interaction.OVR.Editor", "Oculus.Interaction.OVR.Editor.csproj", "{92179676-A38F-F6C0-8C24-9F24E7CB0131}"
EndProject
Project("{FAE04EC0-301F-11D3-BF4B-00C04F79EFBC}") = "VoiceSDK.Dictation.Runtime", "VoiceSDK.Dictation.Runtime.csproj", "{A1F1C6C3-3D86-25A0-0E77-03391A8211BB}"
EndProject
Project("{FAE04EC0-301F-11D3-BF4B-00C04F79EFBC}") = "Oculus.LipSync", "Oculus.LipSync.csproj", "{DFE376F9-F673-8328-BFB6-0A83DF61227F}"
EndProject
Project("{FAE04EC0-301F-11D3-BF4B-00C04F79EFBC}") = "Oculus.Interaction.OVR", "Oculus.Interaction.OVR.csproj", "{95728C1D-84A0-85DC-BE60-854C42F591D6}"
EndProject
Project("{FAE04EC0-301F-11D3-BF4B-00C04F79EFBC}") = "Meta.Voice.Hub.Editor", "Meta.Voice.Hub.Editor.csproj", "{3E034653-A2E5-2A98-B876-C8576ADD25E1}"
EndProject
Project("{FAE04EC0-301F-11D3-BF4B-00C04F79EFBC}") = "VoiceSDK.Editor", "VoiceSDK.Editor.csproj", "{620539D0-D17E-4AE9-1D88-D3CA4CF4CCA9}"
EndProject
Project("{FAE04EC0-301F-11D3-BF4B-00C04F79EFBC}") = "Meta.WitAI.Lib.Editor", "Meta.WitAI.Lib.Editor.csproj", "{DDFA4D2D-8303-4543-526A-89CE52F7273D}"
EndProject
Project("{FAE04EC0-301F-11D3-BF4B-00C04F79EFBC}") = "Oculus.Spatializer.Editor", "Oculus.Spatializer.Editor.csproj", "{9B05F54A-DC8D-B2DC-F8A8-D111AED0C8A1}"
EndProject
Project("{FAE04EC0-301F-11D3-BF4B-00C04F79EFBC}") = "AssistantCoreSDKRuntime", "AssistantCoreSDKRuntime.csproj", "{B04612F5-B996-DB38-47BB-59ACBA08956E}"
EndProject
Project("{FAE04EC0-301F-11D3-BF4B-00C04F79EFBC}") = "VoiceSDK.Runtime", "VoiceSDK.Runtime.csproj", "{30AB26A2-9D0C-E33C-AED2-2ED9537CD230}"
EndProject
Project("{FAE04EC0-301F-11D3-BF4B-00C04F79EFBC}") = "Facebook.Wit.Dictation", "Facebook.Wit.Dictation.csproj", "{2B16A48A-2AC4-9CC6-0086-4ECE570DCD41}"
EndProject
Project("{FAE04EC0-301F-11D3-BF4B-00C04F79EFBC}") = "Oculus.AudioManager", "Oculus.AudioManager.csproj", "{8AE3B5BC-60D3-6FC4-F407-B846ED892DF4}"
EndProject
Project("{FAE04EC0-301F-11D3-BF4B-00C04F79EFBC}") = "Meta.Voice.Samples.BuiltInTimer", "Meta.Voice.Samples.BuiltInTimer.csproj", "{68625131-8679-19CC-1CF3-15F7BA5A33CD}"
EndProject
Project("{FAE04EC0-301F-11D3-BF4B-00C04F79EFBC}") = "Oculus.Platform.Editor", "Oculus.Platform.Editor.csproj", "{D604ED6B-1429-9011-90AF-BDDC8BA9CDB0}"
EndProject
Project("{FAE04EC0-301F-11D3-BF4B-00C04F79EFBC}") = "Meta.XR.BuildingBlocks.Editor", "Meta.XR.BuildingBlocks.Editor.csproj", "{E737E2DE-9271-374A-B492-E1A9FCC8DFCC}"
EndProject
Project("{FAE04EC0-301F-11D3-BF4B-00C04F79EFBC}") = "Meta.Voice.Samples.TTSVoices", "Meta.Voice.Samples.TTSVoices.csproj", "{098DD448-813F-DCD5-9FD1-30FACF31A26A}"
EndProject
Project("{FAE04EC0-301F-11D3-BF4B-00C04F79EFBC}") = "Meta.Voice.VSDKHub.Editor", "Meta.Voice.VSDKHub.Editor.csproj", "{7B76CEB1-31D0-070C-CA28-50057CA6FFA2}"
EndProject
Project("{FAE04EC0-301F-11D3-BF4B-00C04F79EFBC}") = "Meta.WitAi.TTS", "Meta.WitAi.TTS.csproj", "{C0E296EE-0EB6-27B0-22E9-254A980EA416}"
EndProject
Project("{FAE04EC0-301F-11D3-BF4B-00C04F79EFBC}") = "Oculus.AudioManager.Audio.Editor", "Oculus.AudioManager.Audio.Editor.csproj", "{F78B16F8-0060-E70F-3FD8-04FA8A46403C}"
EndProject
Project("{FAE04EC0-301F-11D3-BF4B-00C04F79EFBC}") = "Assembly-CSharp-Editor", "Assembly-CSharp-Editor.csproj", "{0F82C266-B129-FC86-404A-370C3030009B}"
EndProject
Project("{FAE04EC0-301F-11D3-BF4B-00C04F79EFBC}") = "Meta.Voice.Samples.Chess", "Meta.Voice.Samples.Chess.csproj", "{BC4B25BD-D10F-CCEF-08BD-A6184B08162F}"
EndProject
Project("{FAE04EC0-301F-11D3-BF4B-00C04F79EFBC}") = "Oculus.VR.Scripts.Editor", "Oculus.VR.Scripts.Editor.csproj", "{5FDBBF52-A804-E05A-DDBC-8A08513349E9}"
EndProject
Project("{FAE04EC0-301F-11D3-BF4B-00C04F79EFBC}") = "Meta.Voice.Samples.LightTraits", "Meta.Voice.Samples.LightTraits.csproj", "{40540066-2DFA-6364-ADD8-A7D8D81487AF}"
EndProject
Project("{FAE04EC0-301F-11D3-BF4B-00C04F79EFBC}") = "Meta.Voice.Samples.Dictation", "Meta.Voice.Samples.Dictation.csproj", "{DD424C3F-685E-0EB7-94DC-BC03EC7A85A2}"
EndProject
Project("{FAE04EC0-301F-11D3-BF4B-00C04F79EFBC}") = "Meta.Voice.Samples.Shapes", "Meta.Voice.Samples.Shapes.csproj", "{DBD8139E-EC85-11BA-985C-3A13ED223E80}"
EndProject
Project("{FAE04EC0-301F-11D3-BF4B-00C04F79EFBC}") = "Oculus.Interaction.Samples.Editor", "Oculus.Interaction.Samples.Editor.csproj", "{BD964D65-A08F-98F8-2730-A3C597A552D0}"
EndProject
Project("{FAE04EC0-301F-11D3-BF4B-00C04F79EFBC}") = "Meta.WitAi.TTS.Editor", "Meta.WitAi.TTS.Editor.csproj", "{14117AC2-7B1C-A53A-7789-31B251433AAE}"
EndProject
Project("{FAE04EC0-301F-11D3-BF4B-00C04F79EFBC}") = "Meta.XR.BuildingBlocks", "Meta.XR.BuildingBlocks.csproj", "{CC0136DE-7D76-1C04-6CD4-7E0258326D43}"
EndProject
Project("{FAE04EC0-301F-11D3-BF4B-00C04F79EFBC}") = "Oculus.Spatializer", "Oculus.Spatializer.csproj", "{00E3A51C-AE7B-9943-5309-B7CCD13DEBD6}"
EndProject
Project("{FAE04EC0-301F-11D3-BF4B-00C04F79EFBC}") = "Oculus.LipSync.Editor", "Oculus.LipSync.Editor.csproj", "{90EC9BEF-58F7-1C18-715E-EE57846600D4}"
EndProject
Project("{FAE04EC0-301F-11D3-BF4B-00C04F79EFBC}") = "Oculus.AudioManager.Utils.Editor", "Oculus.AudioManager.Utils.Editor.csproj", "{1DF8680B-9E2D-D1DB-E540-E89765286FE9}"
EndProject
Project("{FAE04EC0-301F-11D3-BF4B-00C04F79EFBC}") = "Meta.VoiceSDK.Mic.Common", "Meta.VoiceSDK.Mic.Common.csproj", "{7B536755-35E8-F1D4-4C74-55C70672313D}"
EndProject
Project("{FAE04EC0-301F-11D3-BF4B-00C04F79EFBC}") = "VoiceSDK.Dictation.Editor", "VoiceSDK.Dictation.Editor.csproj", "{3A630024-B706-4373-9EA5-D01AAC5284AB}"
EndProject
Project("{FAE04EC0-301F-11D3-BF4B-00C04F79EFBC}") = "Meta.VoiceSDK.Mic.Other", "Meta.VoiceSDK.Mic.Other.csproj", "{C93E7D9A-5BC1-27C5-F53B-6E629F3B70BD}"
EndProject
Project("{FAE04EC0-301F-11D3-BF4B-00C04F79EFBC}") = "AssistantCoreSDKEditor", "AssistantCoreSDKEditor.csproj", "{FA4C774B-968D-F03C-98A2-BC46B39171B3}"
EndProject
Project("{FAE04EC0-301F-11D3-BF4B-00C04F79EFBC}") = "Oculus.Interaction.InterfaceSupport", "Oculus.Interaction.InterfaceSupport.csproj", "{A5685669-08E0-2498-46E9-5A2110B2FF8C}"
EndProject
Project("{FAE04EC0-301F-11D3-BF4B-00C04F79EFBC}") = "Meta.Voice.Samples.LiveUnderstanding", "Meta.Voice.Samples.LiveUnderstanding.csproj", "{11D8698F-6BA7-6BAD-A94F-4060731218C6}"
EndProject
Project("{FAE04EC0-301F-11D3-BF4B-00C04F79EFBC}") = "Facebook.Wit.Dictation.Editor", "Facebook.Wit.Dictation.Editor.csproj", "{AF89B149-BC7E-4A79-15CC-B4A23E022602}"
EndProject
Project("{FAE04EC0-301F-11D3-BF4B-00C04F79EFBC}") = "Meta.VoiceSDK.Mic.WebGL", "Meta.VoiceSDK.Mic.WebGL.csproj", "{C0B87289-301B-3508-9277-B4628CE9928A}"
EndProject
Global
	GlobalSection(SolutionConfigurationPlatforms) = preSolution
		Debug|Any CPU = Debug|Any CPU
		Release|Any CPU = Release|Any CPU
	EndGlobalSection
	GlobalSection(ProjectConfigurationPlatforms) = postSolution
		{4FB837FC-8A0E-D112-5B28-D45E2BFB3AF2}.Debug|Any CPU.ActiveCfg = Debug|Any CPU
		{4FB837FC-8A0E-D112-5B28-D45E2BFB3AF2}.Debug|Any CPU.Build.0 = Debug|Any CPU
		{4FB837FC-8A0E-D112-5B28-D45E2BFB3AF2}.Release|Any CPU.ActiveCfg = Release|Any CPU
		{4FB837FC-8A0E-D112-5B28-D45E2BFB3AF2}.Release|Any CPU.Build.0 = Release|Any CPU
		{7B29F989-4843-8FA1-789A-95B0F37CD35E}.Debug|Any CPU.ActiveCfg = Debug|Any CPU
		{7B29F989-4843-8FA1-789A-95B0F37CD35E}.Debug|Any CPU.Build.0 = Debug|Any CPU
		{7B29F989-4843-8FA1-789A-95B0F37CD35E}.Release|Any CPU.ActiveCfg = Release|Any CPU
		{7B29F989-4843-8FA1-789A-95B0F37CD35E}.Release|Any CPU.Build.0 = Release|Any CPU
		{831B97CF-37BB-3BA8-B1F6-D9DD38ED1339}.Debug|Any CPU.ActiveCfg = Debug|Any CPU
		{831B97CF-37BB-3BA8-B1F6-D9DD38ED1339}.Debug|Any CPU.Build.0 = Debug|Any CPU
		{831B97CF-37BB-3BA8-B1F6-D9DD38ED1339}.Release|Any CPU.ActiveCfg = Release|Any CPU
		{831B97CF-37BB-3BA8-B1F6-D9DD38ED1339}.Release|Any CPU.Build.0 = Release|Any CPU
		{AF9EBD00-AE7D-CF9B-D4F0-89CB8DDBC159}.Debug|Any CPU.ActiveCfg = Debug|Any CPU
		{AF9EBD00-AE7D-CF9B-D4F0-89CB8DDBC159}.Debug|Any CPU.Build.0 = Debug|Any CPU
		{AF9EBD00-AE7D-CF9B-D4F0-89CB8DDBC159}.Release|Any CPU.ActiveCfg = Release|Any CPU
		{AF9EBD00-AE7D-CF9B-D4F0-89CB8DDBC159}.Release|Any CPU.Build.0 = Release|Any CPU
		{34002466-BE40-B3E4-D40C-B115C2CF29D3}.Debug|Any CPU.ActiveCfg = Debug|Any CPU
		{34002466-BE40-B3E4-D40C-B115C2CF29D3}.Debug|Any CPU.Build.0 = Debug|Any CPU
		{34002466-BE40-B3E4-D40C-B115C2CF29D3}.Release|Any CPU.ActiveCfg = Release|Any CPU
		{34002466-BE40-B3E4-D40C-B115C2CF29D3}.Release|Any CPU.Build.0 = Release|Any CPU
		{E8BE32AF-8B9D-E68F-D157-426F4798E0A6}.Debug|Any CPU.ActiveCfg = Debug|Any CPU
		{E8BE32AF-8B9D-E68F-D157-426F4798E0A6}.Debug|Any CPU.Build.0 = Debug|Any CPU
		{E8BE32AF-8B9D-E68F-D157-426F4798E0A6}.Release|Any CPU.ActiveCfg = Release|Any CPU
		{E8BE32AF-8B9D-E68F-D157-426F4798E0A6}.Release|Any CPU.Build.0 = Release|Any CPU
		{15AAF796-03F3-D433-64CF-134E4A431BEA}.Debug|Any CPU.ActiveCfg = Debug|Any CPU
		{15AAF796-03F3-D433-64CF-134E4A431BEA}.Debug|Any CPU.Build.0 = Debug|Any CPU
		{15AAF796-03F3-D433-64CF-134E4A431BEA}.Release|Any CPU.ActiveCfg = Release|Any CPU
		{15AAF796-03F3-D433-64CF-134E4A431BEA}.Release|Any CPU.Build.0 = Release|Any CPU
		{92458BDE-BC9B-C7D0-C534-B0311640F8F9}.Debug|Any CPU.ActiveCfg = Debug|Any CPU
		{92458BDE-BC9B-C7D0-C534-B0311640F8F9}.Debug|Any CPU.Build.0 = Debug|Any CPU
		{92458BDE-BC9B-C7D0-C534-B0311640F8F9}.Release|Any CPU.ActiveCfg = Release|Any CPU
		{92458BDE-BC9B-C7D0-C534-B0311640F8F9}.Release|Any CPU.Build.0 = Release|Any CPU
		{A7F62061-9CF0-E82E-00B6-E308779C25B6}.Debug|Any CPU.ActiveCfg = Debug|Any CPU
		{A7F62061-9CF0-E82E-00B6-E308779C25B6}.Debug|Any CPU.Build.0 = Debug|Any CPU
		{A7F62061-9CF0-E82E-00B6-E308779C25B6}.Release|Any CPU.ActiveCfg = Release|Any CPU
		{A7F62061-9CF0-E82E-00B6-E308779C25B6}.Release|Any CPU.Build.0 = Release|Any CPU
		{F09DB78F-B96C-7480-73E3-A0BE986871E0}.Debug|Any CPU.ActiveCfg = Debug|Any CPU
		{F09DB78F-B96C-7480-73E3-A0BE986871E0}.Debug|Any CPU.Build.0 = Debug|Any CPU
		{F09DB78F-B96C-7480-73E3-A0BE986871E0}.Release|Any CPU.ActiveCfg = Release|Any CPU
		{F09DB78F-B96C-7480-73E3-A0BE986871E0}.Release|Any CPU.Build.0 = Release|Any CPU
		{544185FE-E242-7D1E-8E31-EED90C211F9C}.Debug|Any CPU.ActiveCfg = Debug|Any CPU
		{544185FE-E242-7D1E-8E31-EED90C211F9C}.Debug|Any CPU.Build.0 = Debug|Any CPU
		{544185FE-E242-7D1E-8E31-EED90C211F9C}.Release|Any CPU.ActiveCfg = Release|Any CPU
		{544185FE-E242-7D1E-8E31-EED90C211F9C}.Release|Any CPU.Build.0 = Release|Any CPU
		{4CFFDA30-0E63-039E-0DCA-DAC117CE2649}.Debug|Any CPU.ActiveCfg = Debug|Any CPU
		{4CFFDA30-0E63-039E-0DCA-DAC117CE2649}.Debug|Any CPU.Build.0 = Debug|Any CPU
		{4CFFDA30-0E63-039E-0DCA-DAC117CE2649}.Release|Any CPU.ActiveCfg = Release|Any CPU
		{4CFFDA30-0E63-039E-0DCA-DAC117CE2649}.Release|Any CPU.Build.0 = Release|Any CPU
		{408A0941-4CF5-1D8D-059A-044DE75D25B4}.Debug|Any CPU.ActiveCfg = Debug|Any CPU
		{408A0941-4CF5-1D8D-059A-044DE75D25B4}.Debug|Any CPU.Build.0 = Debug|Any CPU
		{408A0941-4CF5-1D8D-059A-044DE75D25B4}.Release|Any CPU.ActiveCfg = Release|Any CPU
		{408A0941-4CF5-1D8D-059A-044DE75D25B4}.Release|Any CPU.Build.0 = Release|Any CPU
		{C39240B9-8351-1F50-9771-C3CCBAB3E7D7}.Debug|Any CPU.ActiveCfg = Debug|Any CPU
		{C39240B9-8351-1F50-9771-C3CCBAB3E7D7}.Debug|Any CPU.Build.0 = Debug|Any CPU
		{C39240B9-8351-1F50-9771-C3CCBAB3E7D7}.Release|Any CPU.ActiveCfg = Release|Any CPU
		{C39240B9-8351-1F50-9771-C3CCBAB3E7D7}.Release|Any CPU.Build.0 = Release|Any CPU
		{2E5DFDD9-7D40-C455-2F4C-DB7C78027B45}.Debug|Any CPU.ActiveCfg = Debug|Any CPU
		{2E5DFDD9-7D40-C455-2F4C-DB7C78027B45}.Debug|Any CPU.Build.0 = Debug|Any CPU
		{2E5DFDD9-7D40-C455-2F4C-DB7C78027B45}.Release|Any CPU.ActiveCfg = Release|Any CPU
		{2E5DFDD9-7D40-C455-2F4C-DB7C78027B45}.Release|Any CPU.Build.0 = Release|Any CPU
		{92179676-A38F-F6C0-8C24-9F24E7CB0131}.Debug|Any CPU.ActiveCfg = Debug|Any CPU
		{92179676-A38F-F6C0-8C24-9F24E7CB0131}.Debug|Any CPU.Build.0 = Debug|Any CPU
		{92179676-A38F-F6C0-8C24-9F24E7CB0131}.Release|Any CPU.ActiveCfg = Release|Any CPU
		{92179676-A38F-F6C0-8C24-9F24E7CB0131}.Release|Any CPU.Build.0 = Release|Any CPU
		{A1F1C6C3-3D86-25A0-0E77-03391A8211BB}.Debug|Any CPU.ActiveCfg = Debug|Any CPU
		{A1F1C6C3-3D86-25A0-0E77-03391A8211BB}.Debug|Any CPU.Build.0 = Debug|Any CPU
		{A1F1C6C3-3D86-25A0-0E77-03391A8211BB}.Release|Any CPU.ActiveCfg = Release|Any CPU
		{A1F1C6C3-3D86-25A0-0E77-03391A8211BB}.Release|Any CPU.Build.0 = Release|Any CPU
		{DFE376F9-F673-8328-BFB6-0A83DF61227F}.Debug|Any CPU.ActiveCfg = Debug|Any CPU
		{DFE376F9-F673-8328-BFB6-0A83DF61227F}.Debug|Any CPU.Build.0 = Debug|Any CPU
		{DFE376F9-F673-8328-BFB6-0A83DF61227F}.Release|Any CPU.ActiveCfg = Release|Any CPU
		{DFE376F9-F673-8328-BFB6-0A83DF61227F}.Release|Any CPU.Build.0 = Release|Any CPU
		{95728C1D-84A0-85DC-BE60-854C42F591D6}.Debug|Any CPU.ActiveCfg = Debug|Any CPU
		{95728C1D-84A0-85DC-BE60-854C42F591D6}.Debug|Any CPU.Build.0 = Debug|Any CPU
		{95728C1D-84A0-85DC-BE60-854C42F591D6}.Release|Any CPU.ActiveCfg = Release|Any CPU
		{95728C1D-84A0-85DC-BE60-854C42F591D6}.Release|Any CPU.Build.0 = Release|Any CPU
		{3E034653-A2E5-2A98-B876-C8576ADD25E1}.Debug|Any CPU.ActiveCfg = Debug|Any CPU
		{3E034653-A2E5-2A98-B876-C8576ADD25E1}.Debug|Any CPU.Build.0 = Debug|Any CPU
		{3E034653-A2E5-2A98-B876-C8576ADD25E1}.Release|Any CPU.ActiveCfg = Release|Any CPU
		{3E034653-A2E5-2A98-B876-C8576ADD25E1}.Release|Any CPU.Build.0 = Release|Any CPU
		{620539D0-D17E-4AE9-1D88-D3CA4CF4CCA9}.Debug|Any CPU.ActiveCfg = Debug|Any CPU
		{620539D0-D17E-4AE9-1D88-D3CA4CF4CCA9}.Debug|Any CPU.Build.0 = Debug|Any CPU
		{620539D0-D17E-4AE9-1D88-D3CA4CF4CCA9}.Release|Any CPU.ActiveCfg = Release|Any CPU
		{620539D0-D17E-4AE9-1D88-D3CA4CF4CCA9}.Release|Any CPU.Build.0 = Release|Any CPU
		{DDFA4D2D-8303-4543-526A-89CE52F7273D}.Debug|Any CPU.ActiveCfg = Debug|Any CPU
		{DDFA4D2D-8303-4543-526A-89CE52F7273D}.Debug|Any CPU.Build.0 = Debug|Any CPU
		{DDFA4D2D-8303-4543-526A-89CE52F7273D}.Release|Any CPU.ActiveCfg = Release|Any CPU
		{DDFA4D2D-8303-4543-526A-89CE52F7273D}.Release|Any CPU.Build.0 = Release|Any CPU
		{9B05F54A-DC8D-B2DC-F8A8-D111AED0C8A1}.Debug|Any CPU.ActiveCfg = Debug|Any CPU
		{9B05F54A-DC8D-B2DC-F8A8-D111AED0C8A1}.Debug|Any CPU.Build.0 = Debug|Any CPU
		{9B05F54A-DC8D-B2DC-F8A8-D111AED0C8A1}.Release|Any CPU.ActiveCfg = Release|Any CPU
		{9B05F54A-DC8D-B2DC-F8A8-D111AED0C8A1}.Release|Any CPU.Build.0 = Release|Any CPU
		{B04612F5-B996-DB38-47BB-59ACBA08956E}.Debug|Any CPU.ActiveCfg = Debug|Any CPU
		{B04612F5-B996-DB38-47BB-59ACBA08956E}.Debug|Any CPU.Build.0 = Debug|Any CPU
		{B04612F5-B996-DB38-47BB-59ACBA08956E}.Release|Any CPU.ActiveCfg = Release|Any CPU
		{B04612F5-B996-DB38-47BB-59ACBA08956E}.Release|Any CPU.Build.0 = Release|Any CPU
		{30AB26A2-9D0C-E33C-AED2-2ED9537CD230}.Debug|Any CPU.ActiveCfg = Debug|Any CPU
		{30AB26A2-9D0C-E33C-AED2-2ED9537CD230}.Debug|Any CPU.Build.0 = Debug|Any CPU
		{30AB26A2-9D0C-E33C-AED2-2ED9537CD230}.Release|Any CPU.ActiveCfg = Release|Any CPU
		{30AB26A2-9D0C-E33C-AED2-2ED9537CD230}.Release|Any CPU.Build.0 = Release|Any CPU
		{2B16A48A-2AC4-9CC6-0086-4ECE570DCD41}.Debug|Any CPU.ActiveCfg = Debug|Any CPU
		{2B16A48A-2AC4-9CC6-0086-4ECE570DCD41}.Debug|Any CPU.Build.0 = Debug|Any CPU
		{2B16A48A-2AC4-9CC6-0086-4ECE570DCD41}.Release|Any CPU.ActiveCfg = Release|Any CPU
		{2B16A48A-2AC4-9CC6-0086-4ECE570DCD41}.Release|Any CPU.Build.0 = Release|Any CPU
		{8AE3B5BC-60D3-6FC4-F407-B846ED892DF4}.Debug|Any CPU.ActiveCfg = Debug|Any CPU
		{8AE3B5BC-60D3-6FC4-F407-B846ED892DF4}.Debug|Any CPU.Build.0 = Debug|Any CPU
		{8AE3B5BC-60D3-6FC4-F407-B846ED892DF4}.Release|Any CPU.ActiveCfg = Release|Any CPU
		{8AE3B5BC-60D3-6FC4-F407-B846ED892DF4}.Release|Any CPU.Build.0 = Release|Any CPU
		{68625131-8679-19CC-1CF3-15F7BA5A33CD}.Debug|Any CPU.ActiveCfg = Debug|Any CPU
		{68625131-8679-19CC-1CF3-15F7BA5A33CD}.Debug|Any CPU.Build.0 = Debug|Any CPU
		{68625131-8679-19CC-1CF3-15F7BA5A33CD}.Release|Any CPU.ActiveCfg = Release|Any CPU
		{68625131-8679-19CC-1CF3-15F7BA5A33CD}.Release|Any CPU.Build.0 = Release|Any CPU
		{D604ED6B-1429-9011-90AF-BDDC8BA9CDB0}.Debug|Any CPU.ActiveCfg = Debug|Any CPU
		{D604ED6B-1429-9011-90AF-BDDC8BA9CDB0}.Debug|Any CPU.Build.0 = Debug|Any CPU
		{D604ED6B-1429-9011-90AF-BDDC8BA9CDB0}.Release|Any CPU.ActiveCfg = Release|Any CPU
		{D604ED6B-1429-9011-90AF-BDDC8BA9CDB0}.Release|Any CPU.Build.0 = Release|Any CPU
		{E737E2DE-9271-374A-B492-E1A9FCC8DFCC}.Debug|Any CPU.ActiveCfg = Debug|Any CPU
		{E737E2DE-9271-374A-B492-E1A9FCC8DFCC}.Debug|Any CPU.Build.0 = Debug|Any CPU
		{E737E2DE-9271-374A-B492-E1A9FCC8DFCC}.Release|Any CPU.ActiveCfg = Release|Any CPU
		{E737E2DE-9271-374A-B492-E1A9FCC8DFCC}.Release|Any CPU.Build.0 = Release|Any CPU
		{098DD448-813F-DCD5-9FD1-30FACF31A26A}.Debug|Any CPU.ActiveCfg = Debug|Any CPU
		{098DD448-813F-DCD5-9FD1-30FACF31A26A}.Debug|Any CPU.Build.0 = Debug|Any CPU
		{098DD448-813F-DCD5-9FD1-30FACF31A26A}.Release|Any CPU.ActiveCfg = Release|Any CPU
		{098DD448-813F-DCD5-9FD1-30FACF31A26A}.Release|Any CPU.Build.0 = Release|Any CPU
		{7B76CEB1-31D0-070C-CA28-50057CA6FFA2}.Debug|Any CPU.ActiveCfg = Debug|Any CPU
		{7B76CEB1-31D0-070C-CA28-50057CA6FFA2}.Debug|Any CPU.Build.0 = Debug|Any CPU
		{7B76CEB1-31D0-070C-CA28-50057CA6FFA2}.Release|Any CPU.ActiveCfg = Release|Any CPU
		{7B76CEB1-31D0-070C-CA28-50057CA6FFA2}.Release|Any CPU.Build.0 = Release|Any CPU
		{C0E296EE-0EB6-27B0-22E9-254A980EA416}.Debug|Any CPU.ActiveCfg = Debug|Any CPU
		{C0E296EE-0EB6-27B0-22E9-254A980EA416}.Debug|Any CPU.Build.0 = Debug|Any CPU
		{C0E296EE-0EB6-27B0-22E9-254A980EA416}.Release|Any CPU.ActiveCfg = Release|Any CPU
		{C0E296EE-0EB6-27B0-22E9-254A980EA416}.Release|Any CPU.Build.0 = Release|Any CPU
		{F78B16F8-0060-E70F-3FD8-04FA8A46403C}.Debug|Any CPU.ActiveCfg = Debug|Any CPU
		{F78B16F8-0060-E70F-3FD8-04FA8A46403C}.Debug|Any CPU.Build.0 = Debug|Any CPU
		{F78B16F8-0060-E70F-3FD8-04FA8A46403C}.Release|Any CPU.ActiveCfg = Release|Any CPU
		{F78B16F8-0060-E70F-3FD8-04FA8A46403C}.Release|Any CPU.Build.0 = Release|Any CPU
		{0F82C266-B129-FC86-404A-370C3030009B}.Debug|Any CPU.ActiveCfg = Debug|Any CPU
		{0F82C266-B129-FC86-404A-370C3030009B}.Debug|Any CPU.Build.0 = Debug|Any CPU
		{0F82C266-B129-FC86-404A-370C3030009B}.Release|Any CPU.ActiveCfg = Release|Any CPU
		{0F82C266-B129-FC86-404A-370C3030009B}.Release|Any CPU.Build.0 = Release|Any CPU
		{BC4B25BD-D10F-CCEF-08BD-A6184B08162F}.Debug|Any CPU.ActiveCfg = Debug|Any CPU
		{BC4B25BD-D10F-CCEF-08BD-A6184B08162F}.Debug|Any CPU.Build.0 = Debug|Any CPU
		{BC4B25BD-D10F-CCEF-08BD-A6184B08162F}.Release|Any CPU.ActiveCfg = Release|Any CPU
		{BC4B25BD-D10F-CCEF-08BD-A6184B08162F}.Release|Any CPU.Build.0 = Release|Any CPU
		{5FDBBF52-A804-E05A-DDBC-8A08513349E9}.Debug|Any CPU.ActiveCfg = Debug|Any CPU
		{5FDBBF52-A804-E05A-DDBC-8A08513349E9}.Debug|Any CPU.Build.0 = Debug|Any CPU
		{5FDBBF52-A804-E05A-DDBC-8A08513349E9}.Release|Any CPU.ActiveCfg = Release|Any CPU
		{5FDBBF52-A804-E05A-DDBC-8A08513349E9}.Release|Any CPU.Build.0 = Release|Any CPU
		{40540066-2DFA-6364-ADD8-A7D8D81487AF}.Debug|Any CPU.ActiveCfg = Debug|Any CPU
		{40540066-2DFA-6364-ADD8-A7D8D81487AF}.Debug|Any CPU.Build.0 = Debug|Any CPU
		{40540066-2DFA-6364-ADD8-A7D8D81487AF}.Release|Any CPU.ActiveCfg = Release|Any CPU
		{40540066-2DFA-6364-ADD8-A7D8D81487AF}.Release|Any CPU.Build.0 = Release|Any CPU
		{DD424C3F-685E-0EB7-94DC-BC03EC7A85A2}.Debug|Any CPU.ActiveCfg = Debug|Any CPU
		{DD424C3F-685E-0EB7-94DC-BC03EC7A85A2}.Debug|Any CPU.Build.0 = Debug|Any CPU
		{DD424C3F-685E-0EB7-94DC-BC03EC7A85A2}.Release|Any CPU.ActiveCfg = Release|Any CPU
		{DD424C3F-685E-0EB7-94DC-BC03EC7A85A2}.Release|Any CPU.Build.0 = Release|Any CPU
		{DBD8139E-EC85-11BA-985C-3A13ED223E80}.Debug|Any CPU.ActiveCfg = Debug|Any CPU
		{DBD8139E-EC85-11BA-985C-3A13ED223E80}.Debug|Any CPU.Build.0 = Debug|Any CPU
		{DBD8139E-EC85-11BA-985C-3A13ED223E80}.Release|Any CPU.ActiveCfg = Release|Any CPU
		{DBD8139E-EC85-11BA-985C-3A13ED223E80}.Release|Any CPU.Build.0 = Release|Any CPU
		{BD964D65-A08F-98F8-2730-A3C597A552D0}.Debug|Any CPU.ActiveCfg = Debug|Any CPU
		{BD964D65-A08F-98F8-2730-A3C597A552D0}.Debug|Any CPU.Build.0 = Debug|Any CPU
		{BD964D65-A08F-98F8-2730-A3C597A552D0}.Release|Any CPU.ActiveCfg = Release|Any CPU
		{BD964D65-A08F-98F8-2730-A3C597A552D0}.Release|Any CPU.Build.0 = Release|Any CPU
		{14117AC2-7B1C-A53A-7789-31B251433AAE}.Debug|Any CPU.ActiveCfg = Debug|Any CPU
		{14117AC2-7B1C-A53A-7789-31B251433AAE}.Debug|Any CPU.Build.0 = Debug|Any CPU
		{14117AC2-7B1C-A53A-7789-31B251433AAE}.Release|Any CPU.ActiveCfg = Release|Any CPU
		{14117AC2-7B1C-A53A-7789-31B251433AAE}.Release|Any CPU.Build.0 = Release|Any CPU
		{CC0136DE-7D76-1C04-6CD4-7E0258326D43}.Debug|Any CPU.ActiveCfg = Debug|Any CPU
		{CC0136DE-7D76-1C04-6CD4-7E0258326D43}.Debug|Any CPU.Build.0 = Debug|Any CPU
		{CC0136DE-7D76-1C04-6CD4-7E0258326D43}.Release|Any CPU.ActiveCfg = Release|Any CPU
		{CC0136DE-7D76-1C04-6CD4-7E0258326D43}.Release|Any CPU.Build.0 = Release|Any CPU
		{00E3A51C-AE7B-9943-5309-B7CCD13DEBD6}.Debug|Any CPU.ActiveCfg = Debug|Any CPU
		{00E3A51C-AE7B-9943-5309-B7CCD13DEBD6}.Debug|Any CPU.Build.0 = Debug|Any CPU
		{00E3A51C-AE7B-9943-5309-B7CCD13DEBD6}.Release|Any CPU.ActiveCfg = Release|Any CPU
		{00E3A51C-AE7B-9943-5309-B7CCD13DEBD6}.Release|Any CPU.Build.0 = Release|Any CPU
		{90EC9BEF-58F7-1C18-715E-EE57846600D4}.Debug|Any CPU.ActiveCfg = Debug|Any CPU
		{90EC9BEF-58F7-1C18-715E-EE57846600D4}.Debug|Any CPU.Build.0 = Debug|Any CPU
		{90EC9BEF-58F7-1C18-715E-EE57846600D4}.Release|Any CPU.ActiveCfg = Release|Any CPU
		{90EC9BEF-58F7-1C18-715E-EE57846600D4}.Release|Any CPU.Build.0 = Release|Any CPU
		{1DF8680B-9E2D-D1DB-E540-E89765286FE9}.Debug|Any CPU.ActiveCfg = Debug|Any CPU
		{1DF8680B-9E2D-D1DB-E540-E89765286FE9}.Debug|Any CPU.Build.0 = Debug|Any CPU
		{1DF8680B-9E2D-D1DB-E540-E89765286FE9}.Release|Any CPU.ActiveCfg = Release|Any CPU
		{1DF8680B-9E2D-D1DB-E540-E89765286FE9}.Release|Any CPU.Build.0 = Release|Any CPU
		{7B536755-35E8-F1D4-4C74-55C70672313D}.Debug|Any CPU.ActiveCfg = Debug|Any CPU
		{7B536755-35E8-F1D4-4C74-55C70672313D}.Debug|Any CPU.Build.0 = Debug|Any CPU
		{7B536755-35E8-F1D4-4C74-55C70672313D}.Release|Any CPU.ActiveCfg = Release|Any CPU
		{7B536755-35E8-F1D4-4C74-55C70672313D}.Release|Any CPU.Build.0 = Release|Any CPU
		{3A630024-B706-4373-9EA5-D01AAC5284AB}.Debug|Any CPU.ActiveCfg = Debug|Any CPU
		{3A630024-B706-4373-9EA5-D01AAC5284AB}.Debug|Any CPU.Build.0 = Debug|Any CPU
		{3A630024-B706-4373-9EA5-D01AAC5284AB}.Release|Any CPU.ActiveCfg = Release|Any CPU
		{3A630024-B706-4373-9EA5-D01AAC5284AB}.Release|Any CPU.Build.0 = Release|Any CPU
		{C93E7D9A-5BC1-27C5-F53B-6E629F3B70BD}.Debug|Any CPU.ActiveCfg = Debug|Any CPU
		{C93E7D9A-5BC1-27C5-F53B-6E629F3B70BD}.Debug|Any CPU.Build.0 = Debug|Any CPU
		{C93E7D9A-5BC1-27C5-F53B-6E629F3B70BD}.Release|Any CPU.ActiveCfg = Release|Any CPU
		{C93E7D9A-5BC1-27C5-F53B-6E629F3B70BD}.Release|Any CPU.Build.0 = Release|Any CPU
		{FA4C774B-968D-F03C-98A2-BC46B39171B3}.Debug|Any CPU.ActiveCfg = Debug|Any CPU
		{FA4C774B-968D-F03C-98A2-BC46B39171B3}.Debug|Any CPU.Build.0 = Debug|Any CPU
		{FA4C774B-968D-F03C-98A2-BC46B39171B3}.Release|Any CPU.ActiveCfg = Release|Any CPU
		{FA4C774B-968D-F03C-98A2-BC46B39171B3}.Release|Any CPU.Build.0 = Release|Any CPU
		{A5685669-08E0-2498-46E9-5A2110B2FF8C}.Debug|Any CPU.ActiveCfg = Debug|Any CPU
		{A5685669-08E0-2498-46E9-5A2110B2FF8C}.Debug|Any CPU.Build.0 = Debug|Any CPU
		{A5685669-08E0-2498-46E9-5A2110B2FF8C}.Release|Any CPU.ActiveCfg = Release|Any CPU
		{A5685669-08E0-2498-46E9-5A2110B2FF8C}.Release|Any CPU.Build.0 = Release|Any CPU
		{11D8698F-6BA7-6BAD-A94F-4060731218C6}.Debug|Any CPU.ActiveCfg = Debug|Any CPU
		{11D8698F-6BA7-6BAD-A94F-4060731218C6}.Debug|Any CPU.Build.0 = Debug|Any CPU
		{11D8698F-6BA7-6BAD-A94F-4060731218C6}.Release|Any CPU.ActiveCfg = Release|Any CPU
		{11D8698F-6BA7-6BAD-A94F-4060731218C6}.Release|Any CPU.Build.0 = Release|Any CPU
		{AF89B149-BC7E-4A79-15CC-B4A23E022602}.Debug|Any CPU.ActiveCfg = Debug|Any CPU
		{AF89B149-BC7E-4A79-15CC-B4A23E022602}.Debug|Any CPU.Build.0 = Debug|Any CPU
		{AF89B149-BC7E-4A79-15CC-B4A23E022602}.Release|Any CPU.ActiveCfg = Release|Any CPU
		{AF89B149-BC7E-4A79-15CC-B4A23E022602}.Release|Any CPU.Build.0 = Release|Any CPU
		{C0B87289-301B-3508-9277-B4628CE9928A}.Debug|Any CPU.ActiveCfg = Debug|Any CPU
		{C0B87289-301B-3508-9277-B4628CE9928A}.Debug|Any CPU.Build.0 = Debug|Any CPU
		{C0B87289-301B-3508-9277-B4628CE9928A}.Release|Any CPU.ActiveCfg = Release|Any CPU
		{C0B87289-301B-3508-9277-B4628CE9928A}.Release|Any CPU.Build.0 = Release|Any CPU
	EndGlobalSection
	GlobalSection(SolutionProperties) = preSolution
		HideSolutionNode = FALSE
	EndGlobalSection
EndGlobal
